<?xml version="1.0" encoding="UTF-8" standalone="yes" ?>
<CodeBlocks_project_file>
	<FileVersion major="1" minor="6" />
	<Project>
		<Option title="game-of-15" />
		<Option pch_mode="2" />
		<Option compiler="gcc" />
		<Build>
			<Target title="Debug">
				<Option output="bin/Debug/game-of-15" prefix_auto="1" extension_auto="1" />
				<Option object_output="obj/Debug/" />
				<Option type="1" />
				<Option compiler="gcc" />
				<Compiler>
					<Add option="-pedantic" />
					<Add option="-std=c++11" />
					<Add option="-Wextra" />
					<Add option="-Wall" />
					<Add option="-g" />
					<Add option="-Wno-unused-variable" />
					<Add option="-Wno-unused-parameter" />
				</Compiler>
			</Target>
			<Target title="Release">
				<Option output="bin/Release/game-of-15" prefix_auto="1" extension_auto="1" />
				<Option object_output="obj/Release/" />
				<Option type="1" />
				<Option compiler="gcc" />
				<Compiler>
					<Add option="-O2" />
				</Compiler>
				<Linker>
					<Add option="-s" />
				</Linker>
			</Target>
		</Build>
		<Compiler>
			<Add option="-Wall" />
			<Add option="-fexceptions" />
			<Add directory="../hge/include" />
		</Compiler>
		<Linker>
			<Add library="..\hge\lib\libhge.a" />
			<Add library="..\hge\lib\libhgehelp.a" />
			<Add directory="../hge" />
		</Linker>
		<Unit filename="context.cpp" />
		<Unit filename="context.h" />
		<Unit filename="hy_blend.h" />
		<Unit filename="hy_from.h" />
		<Unit filename="hy_is.h" />
		<Unit filename="hy_it.h" />
		<Unit filename="hy_load.h" />
		<Unit filename="hy_make.h" />
		<Unit filename="hy_mouse.h" />
		<Unit filename="hy_slide.h">
			<Option target="&lt;{~None~}&gt;" />
		</Unit>
		<Unit filename="hy_teleport.h" />
		<Unit filename="hy_x_y.h" />
		<Unit filename="hyphen_notation.h">
			<Option target="&lt;{~None~}&gt;" />
		</Unit>
		<Unit filename="main.cpp" />
		<Unit filename="thing.cpp" />
		<Unit filename="thing.h">
			<Option target="&lt;{~None~}&gt;" />
		</Unit>
		<Unit filename="type_the.h" />
		<Extensions>
			<code_completion />
			<envvars />
			<debugger />
			<lib_finder disable_auto="1" />
			<DoxyBlocks>
				<comment_style block="0" line="0" />
				<doxyfile_project />
				<doxyfile_build />
				<doxyfile_warnings />
				<doxyfile_output />
				<doxyfile_dot />
				<general />
			</DoxyBlocks>
		</Extensions>
	</Project>
</CodeBlocks_project_file>
